Microsoft Visual Studio Solution File, Format Version 12.00
# Visual Studio Version 16
VisualStudioVersion = 16.0.0.0
MinimumVisualStudioVersion = 16.0.0.0
Project("{9A19103F-16F7-4668-BE54-9A1E7A4F7556}") = "App", "App\App.csproj", "{ADC44399-BA7C-40EF-A2CA-51A68FC2DBCD}"
EndProject
Project("{9A19103F-16F7-4668-BE54-9A1E7A4F7556}") = "App.Client", "App.Client\App.Client.csproj", "{18EC5B52-C28B-48E6-B9A6-A7B6C1EABE78}"
EndProject
Global
	GlobalSection(SolutionConfigurationPlatforms) = preSolution
		Debug|Any CPU = Debug|Any CPU
		Debug|x64 = Debug|x64
		Debug|x86 = Debug|x86
		Release|Any CPU = Release|Any CPU
		Release|x64 = Release|x64
		Release|x86 = Release|x86
	EndGlobalSection
	GlobalSection(ProjectConfigurationPlatforms) = postSolution
		{18EC5B52-C28B-48E6-B9A6-A7B6C1EABE78}.Debug|Any CPU.ActiveCfg = Debug|Any CPU
		{18EC5B52-C28B-48E6-B9A6-A7B6C1EABE78}.Debug|Any CPU.Build.0 = Debug|Any CPU
		{18EC5B52-C28B-48E6-B9A6-A7B6C1EABE78}.Debug|x64.ActiveCfg = Debug|Any CPU
		{18EC5B52-C28B-48E6-B9A6-A7B6C1EABE78}.Debug|x64.Build.0 = Debug|Any CPU
		{18EC5B52-C28B-48E6-B9A6-A7B6C1EABE78}.Debug|x86.ActiveCfg = Debug|Any CPU
		{18EC5B52-C28B-48E6-B9A6-A7B6C1EABE78}.Debug|x86.Build.0 = Debug|Any CPU
		{18EC5B52-C28B-48E6-B9A6-A7B6C1EABE78}.Release|Any CPU.ActiveCfg = Release|Any CPU
		{18EC5B52-C28B-48E6-B9A6-A7B6C1EABE78}.Release|Any CPU.Build.0 = Release|Any CPU
		{18EC5B52-C28B-48E6-B9A6-A7B6C1EABE78}.Release|x64.ActiveCfg = Release|Any CPU
		{18EC5B52-C28B-48E6-B9A6-A7B6C1EABE78}.Release|x64.Build.0 = Release|Any CPU
		{18EC5B52-C28B-48E6-B9A6-A7B6C1EABE78}.Release|x86.ActiveCfg = Release|Any CPU
		{18EC5B52-C28B-48E6-B9A6-A7B6C1EABE78}.Release|x86.Build.0 = Release|Any CPU
		{ADC44399-BA7C-40EF-A2CA-51A68FC2DBCD}.Debug|Any CPU.ActiveCfg = Debug|Any CPU
		{ADC44399-BA7C-40EF-A2CA-51A68FC2DBCD}.Debug|Any CPU.Build.0 = Debug|Any CPU
		{ADC44399-BA7C-40EF-A2CA-51A68FC2DBCD}.Debug|x64.ActiveCfg = Debug|Any CPU
		{ADC44399-BA7C-40EF-A2CA-51A68FC2DBCD}.Debug|x64.Build.0 = Debug|Any CPU
		{ADC44399-BA7C-40EF-A2CA-51A68FC2DBCD}.Debug|x86.ActiveCfg = Debug|Any CPU
		{ADC44399-BA7C-40EF-A2CA-51A68FC2DBCD}.Debug|x86.Build.0 = Debug|Any CPU
		{ADC44399-BA7C-40EF-A2CA-51A68FC2DBCD}.Release|Any CPU.ActiveCfg = Release|Any CPU
		{ADC44399-BA7C-40EF-A2CA-51A68FC2DBCD}.Release|Any CPU.Build.0 = Release|Any CPU
		{ADC44399-BA7C-40EF-A2CA-51A68FC2DBCD}.Release|x64.ActiveCfg = Release|Any CPU
		{ADC44399-BA7C-40EF-A2CA-51A68FC2DBCD}.Release|x64.Build.0 = Release|Any CPU
		{ADC44399-BA7C-40EF-A2CA-51A68FC2DBCD}.Release|x86.ActiveCfg = Release|Any CPU
		{ADC44399-BA7C-40EF-A2CA-51A68FC2DBCD}.Release|x86.Build.0 = Release|Any CPU
	EndGlobalSection
	GlobalSection(SolutionProperties) = preSolution
		HideSolutionNode = FALSE
	EndGlobalSection
	GlobalSection(ExtensibilityGlobals) = postSolution
		SolutionGuid = {10593466-5E43-42A4-8E00-04D829451132}
	EndGlobalSection
EndGlobal
