
Microsoft Visual Studio Solution File, Format Version 12.00
# Visual Studio Version 17
VisualStudioVersion = 17.0.31903.59
MinimumVisualStudioVersion = 10.0.40219.1
Project("{2150E333-8FDC-42A3-9474-1A3956D46DE8}") = "src", "src", "{8A7C6F1D-0E48-4A88-8F35-6E4B3F8D9C2A}"
EndProject
Project("{2150E333-8FDC-42A3-9474-1A3956D46DE8}") = "tests", "tests", "{0AB3BF05-4346-4AA6-1389-037BE0695223}"
EndProject
Project("{FAE04EC0-301F-11D3-BF4B-00C04F79EFBC}") = "Api", "src\Api\Api.csproj", "{A1B2C3D4-E5F6-7890-ABCD-EF1234567890}"
EndProject
Project("{FAE04EC0-301F-11D3-BF4B-00C04F79EFBC}") = "Application", "src\Application\Application.csproj", "{B2C3D4E5-F6A7-8901-BCDE-FA2345678901}"
EndProject
Project("{FAE04EC0-301F-11D3-BF4B-00C04F79EFBC}") = "Domain", "src\Domain\Domain.csproj", "{C3D4E5F6-A7B8-9012-CDEF-AB3456789012}"
EndProject
Project("{FAE04EC0-301F-11D3-BF4B-00C04F79EFBC}") = "Data", "src\Data\Data.csproj", "{D4E5F6A7-B8C9-0123-DEFA-BC4567890123}"
EndProject
Project("{FAE04EC0-301F-11D3-BF4B-00C04F79EFBC}") = "Infrastructure", "src\Infrastructure\Infrastructure.csproj", "{E5F6A7B8-C9D0-1234-EFAB-CD5678901234}"
EndProject
Project("{FAE04EC0-301F-11D3-BF4B-00C04F79EFBC}") = "Integration", "tests\Integration\Integration.csproj", "{F6A7B8C9-D0E1-2345-FABC-DE6789012345}"
EndProject
Project("{FAE04EC0-301F-11D3-BF4B-00C04F79EFBC}") = "UnitTests", "tests\UnitTests\UnitTests.csproj", "{B8C9D0E1-F2A3-4567-BCDE-FA8901234567}"
EndProject
Project("{FAE04EC0-301F-11D3-BF4B-00C04F79EFBC}") = "ArchitectureTests", "tests\ArchitectureTests\ArchitectureTests.csproj", "{69CABC04-4E1F-4BB0-90E8-DD49C731FDB2}"
EndProject
Project("{FAE04EC0-301F-11D3-BF4B-00C04F79EFBC}") = "AppHost", "src\AppHost\AppHost.csproj", "{D3328331-8F8E-4CDD-94E7-58834648FF25}"
EndProject
Project("{FAE04EC0-301F-11D3-BF4B-00C04F79EFBC}") = "ServiceDefaults", "src\ServiceDefaults\ServiceDefaults.csproj", "{F3C1C333-9BEE-462C-8BDF-1B75ECB1D6BD}"
EndProject
Project("{2150E333-8FDC-42A3-9474-1A3956D46DE8}") = "Shared", "Shared", "{FD1278FD-8489-5C55-61E6-9D9DB2F133E4}"
EndProject
Project("{FAE04EC0-301F-11D3-BF4B-00C04F79EFBC}") = "SharedModels", "src\Shared\SharedModels\SharedModels.csproj", "{2E951C34-003C-4048-8B55-AF95C3D79C75}"
EndProject
Project("{2150E333-8FDC-42A3-9474-1A3956D46DE8}") = "UI", "UI", "{97D3C13E-960C-0209-869F-28710DBEF6C6}"
EndProject
Project("{2150E333-8FDC-42A3-9474-1A3956D46DE8}") = "Web", "Web", "{6CC69632-0B62-301D-8162-A566995075A7}"
EndProject
Project("{2150E333-8FDC-42A3-9474-1A3956D46DE8}") = "Blazor", "Blazor", "{D63C04B5-4DBD-4A04-C0D7-9EA549F2F5C2}"
EndProject
Project("{2150E333-8FDC-42A3-9474-1A3956D46DE8}") = "WebApp", "WebApp", "{6379B119-B1D2-C714-3BE7-61412ACB72A8}"
EndProject
Project("{FAE04EC0-301F-11D3-BF4B-00C04F79EFBC}") = "App", "src\UI\Web\Blazor\WebApp\App\App.csproj", "{75DBC205-DDAE-4814-85BF-A0D237CAD924}"
EndProject
Project("{FAE04EC0-301F-11D3-BF4B-00C04F79EFBC}") = "App.Client", "src\UI\Web\Blazor\WebApp\App.Client\App.Client.csproj", "{6EF2B322-AFE8-4924-9501-D29ED96E680A}"
EndProject
Project("{2150E333-8FDC-42A3-9474-1A3956D46DE8}") = "Wasm", "Wasm", "{49E9AD68-530C-E132-DF46-7AB5345E651A}"
EndProject
Project("{FAE04EC0-301F-11D3-BF4B-00C04F79EFBC}") = "BlazorWasm", "src\UI\Web\Blazor\Wasm\BlazorWasm.csproj", "{D2A538C4-E9C1-4A28-B1B0-898F08231F0A}"
EndProject
Project("{2150E333-8FDC-42A3-9474-1A3956D46DE8}") = "Mobile", "Mobile", "{E209BDC1-E3B1-2EED-97DD-D6090D706436}"
EndProject
Project("{FAE04EC0-301F-11D3-BF4B-00C04F79EFBC}") = "MauiApp", "src\UI\Mobile\MauiApp\MauiApp.csproj", "{357B9C77-906E-48CD-ADB6-C4E20C546185}"
EndProject
Global
	GlobalSection(SolutionConfigurationPlatforms) = preSolution
		Debug|Any CPU = Debug|Any CPU
		Debug|x64 = Debug|x64
		Debug|x86 = Debug|x86
		Release|Any CPU = Release|Any CPU
		Release|x64 = Release|x64
		Release|x86 = Release|x86
	EndGlobalSection
	GlobalSection(ProjectConfigurationPlatforms) = postSolution
		{A1B2C3D4-E5F6-7890-ABCD-EF1234567890}.Debug|Any CPU.ActiveCfg = Debug|Any CPU
		{A1B2C3D4-E5F6-7890-ABCD-EF1234567890}.Debug|Any CPU.Build.0 = Debug|Any CPU
		{A1B2C3D4-E5F6-7890-ABCD-EF1234567890}.Debug|x64.ActiveCfg = Debug|Any CPU
		{A1B2C3D4-E5F6-7890-ABCD-EF1234567890}.Debug|x64.Build.0 = Debug|Any CPU
		{A1B2C3D4-E5F6-7890-ABCD-EF1234567890}.Debug|x86.ActiveCfg = Debug|Any CPU
		{A1B2C3D4-E5F6-7890-ABCD-EF1234567890}.Debug|x86.Build.0 = Debug|Any CPU
		{A1B2C3D4-E5F6-7890-ABCD-EF1234567890}.Release|Any CPU.ActiveCfg = Release|Any CPU
		{A1B2C3D4-E5F6-7890-ABCD-EF1234567890}.Release|Any CPU.Build.0 = Release|Any CPU
		{A1B2C3D4-E5F6-7890-ABCD-EF1234567890}.Release|x64.ActiveCfg = Release|Any CPU
		{A1B2C3D4-E5F6-7890-ABCD-EF1234567890}.Release|x64.Build.0 = Release|Any CPU
		{A1B2C3D4-E5F6-7890-ABCD-EF1234567890}.Release|x86.ActiveCfg = Release|Any CPU
		{A1B2C3D4-E5F6-7890-ABCD-EF1234567890}.Release|x86.Build.0 = Release|Any CPU
		{B2C3D4E5-F6A7-8901-BCDE-FA2345678901}.Debug|Any CPU.ActiveCfg = Debug|Any CPU
		{B2C3D4E5-F6A7-8901-BCDE-FA2345678901}.Debug|Any CPU.Build.0 = Debug|Any CPU
		{B2C3D4E5-F6A7-8901-BCDE-FA2345678901}.Debug|x64.ActiveCfg = Debug|Any CPU
		{B2C3D4E5-F6A7-8901-BCDE-FA2345678901}.Debug|x64.Build.0 = Debug|Any CPU
		{B2C3D4E5-F6A7-8901-BCDE-FA2345678901}.Debug|x86.ActiveCfg = Debug|Any CPU
		{B2C3D4E5-F6A7-8901-BCDE-FA2345678901}.Debug|x86.Build.0 = Debug|Any CPU
		{B2C3D4E5-F6A7-8901-BCDE-FA2345678901}.Release|Any CPU.ActiveCfg = Release|Any CPU
		{B2C3D4E5-F6A7-8901-BCDE-FA2345678901}.Release|Any CPU.Build.0 = Release|Any CPU
		{B2C3D4E5-F6A7-8901-BCDE-FA2345678901}.Release|x64.ActiveCfg = Release|Any CPU
		{B2C3D4E5-F6A7-8901-BCDE-FA2345678901}.Release|x64.Build.0 = Release|Any CPU
		{B2C3D4E5-F6A7-8901-BCDE-FA2345678901}.Release|x86.ActiveCfg = Release|Any CPU
		{B2C3D4E5-F6A7-8901-BCDE-FA2345678901}.Release|x86.Build.0 = Release|Any CPU
		{C3D4E5F6-A7B8-9012-CDEF-AB3456789012}.Debug|Any CPU.ActiveCfg = Debug|Any CPU
		{C3D4E5F6-A7B8-9012-CDEF-AB3456789012}.Debug|Any CPU.Build.0 = Debug|Any CPU
		{C3D4E5F6-A7B8-9012-CDEF-AB3456789012}.Debug|x64.ActiveCfg = Debug|Any CPU
		{C3D4E5F6-A7B8-9012-CDEF-AB3456789012}.Debug|x64.Build.0 = Debug|Any CPU
		{C3D4E5F6-A7B8-9012-CDEF-AB3456789012}.Debug|x86.ActiveCfg = Debug|Any CPU
		{C3D4E5F6-A7B8-9012-CDEF-AB3456789012}.Debug|x86.Build.0 = Debug|Any CPU
		{C3D4E5F6-A7B8-9012-CDEF-AB3456789012}.Release|Any CPU.ActiveCfg = Release|Any CPU
		{C3D4E5F6-A7B8-9012-CDEF-AB3456789012}.Release|Any CPU.Build.0 = Release|Any CPU
		{C3D4E5F6-A7B8-9012-CDEF-AB3456789012}.Release|x64.ActiveCfg = Release|Any CPU
		{C3D4E5F6-A7B8-9012-CDEF-AB3456789012}.Release|x64.Build.0 = Release|Any CPU
		{C3D4E5F6-A7B8-9012-CDEF-AB3456789012}.Release|x86.ActiveCfg = Release|Any CPU
		{C3D4E5F6-A7B8-9012-CDEF-AB3456789012}.Release|x86.Build.0 = Release|Any CPU
		{D4E5F6A7-B8C9-0123-DEFA-BC4567890123}.Debug|Any CPU.ActiveCfg = Debug|Any CPU
		{D4E5F6A7-B8C9-0123-DEFA-BC4567890123}.Debug|Any CPU.Build.0 = Debug|Any CPU
		{D4E5F6A7-B8C9-0123-DEFA-BC4567890123}.Debug|x64.ActiveCfg = Debug|Any CPU
		{D4E5F6A7-B8C9-0123-DEFA-BC4567890123}.Debug|x64.Build.0 = Debug|Any CPU
		{D4E5F6A7-B8C9-0123-DEFA-BC4567890123}.Debug|x86.ActiveCfg = Debug|Any CPU
		{D4E5F6A7-B8C9-0123-DEFA-BC4567890123}.Debug|x86.Build.0 = Debug|Any CPU
		{D4E5F6A7-B8C9-0123-DEFA-BC4567890123}.Release|Any CPU.ActiveCfg = Release|Any CPU
		{D4E5F6A7-B8C9-0123-DEFA-BC4567890123}.Release|Any CPU.Build.0 = Release|Any CPU
		{D4E5F6A7-B8C9-0123-DEFA-BC4567890123}.Release|x64.ActiveCfg = Release|Any CPU
		{D4E5F6A7-B8C9-0123-DEFA-BC4567890123}.Release|x64.Build.0 = Release|Any CPU
		{D4E5F6A7-B8C9-0123-DEFA-BC4567890123}.Release|x86.ActiveCfg = Release|Any CPU
		{D4E5F6A7-B8C9-0123-DEFA-BC4567890123}.Release|x86.Build.0 = Release|Any CPU
		{E5F6A7B8-C9D0-1234-EFAB-CD5678901234}.Debug|Any CPU.ActiveCfg = Debug|Any CPU
		{E5F6A7B8-C9D0-1234-EFAB-CD5678901234}.Debug|Any CPU.Build.0 = Debug|Any CPU
		{E5F6A7B8-C9D0-1234-EFAB-CD5678901234}.Debug|x64.ActiveCfg = Debug|Any CPU
		{E5F6A7B8-C9D0-1234-EFAB-CD5678901234}.Debug|x64.Build.0 = Debug|Any CPU
		{E5F6A7B8-C9D0-1234-EFAB-CD5678901234}.Debug|x86.ActiveCfg = Debug|Any CPU
		{E5F6A7B8-C9D0-1234-EFAB-CD5678901234}.Debug|x86.Build.0 = Debug|Any CPU
		{E5F6A7B8-C9D0-1234-EFAB-CD5678901234}.Release|Any CPU.ActiveCfg = Release|Any CPU
		{E5F6A7B8-C9D0-1234-EFAB-CD5678901234}.Release|Any CPU.Build.0 = Release|Any CPU
		{E5F6A7B8-C9D0-1234-EFAB-CD5678901234}.Release|x64.ActiveCfg = Release|Any CPU
		{E5F6A7B8-C9D0-1234-EFAB-CD5678901234}.Release|x64.Build.0 = Release|Any CPU
		{E5F6A7B8-C9D0-1234-EFAB-CD5678901234}.Release|x86.ActiveCfg = Release|Any CPU
		{E5F6A7B8-C9D0-1234-EFAB-CD5678901234}.Release|x86.Build.0 = Release|Any CPU
		{F6A7B8C9-D0E1-2345-FABC-DE6789012345}.Debug|Any CPU.ActiveCfg = Debug|Any CPU
		{F6A7B8C9-D0E1-2345-FABC-DE6789012345}.Debug|Any CPU.Build.0 = Debug|Any CPU
		{F6A7B8C9-D0E1-2345-FABC-DE6789012345}.Debug|x64.ActiveCfg = Debug|Any CPU
		{F6A7B8C9-D0E1-2345-FABC-DE6789012345}.Debug|x64.Build.0 = Debug|Any CPU
		{F6A7B8C9-D0E1-2345-FABC-DE6789012345}.Debug|x86.ActiveCfg = Debug|Any CPU
		{F6A7B8C9-D0E1-2345-FABC-DE6789012345}.Debug|x86.Build.0 = Debug|Any CPU
		{F6A7B8C9-D0E1-2345-FABC-DE6789012345}.Release|Any CPU.ActiveCfg = Release|Any CPU
		{F6A7B8C9-D0E1-2345-FABC-DE6789012345}.Release|Any CPU.Build.0 = Release|Any CPU
		{F6A7B8C9-D0E1-2345-FABC-DE6789012345}.Release|x64.ActiveCfg = Release|Any CPU
		{F6A7B8C9-D0E1-2345-FABC-DE6789012345}.Release|x64.Build.0 = Release|Any CPU
		{F6A7B8C9-D0E1-2345-FABC-DE6789012345}.Release|x86.ActiveCfg = Release|Any CPU
		{F6A7B8C9-D0E1-2345-FABC-DE6789012345}.Release|x86.Build.0 = Release|Any CPU
		{B8C9D0E1-F2A3-4567-BCDE-FA8901234567}.Debug|Any CPU.ActiveCfg = Debug|Any CPU
		{B8C9D0E1-F2A3-4567-BCDE-FA8901234567}.Debug|Any CPU.Build.0 = Debug|Any CPU
		{B8C9D0E1-F2A3-4567-BCDE-FA8901234567}.Debug|x64.ActiveCfg = Debug|Any CPU
		{B8C9D0E1-F2A3-4567-BCDE-FA8901234567}.Debug|x64.Build.0 = Debug|Any CPU
		{B8C9D0E1-F2A3-4567-BCDE-FA8901234567}.Debug|x86.ActiveCfg = Debug|Any CPU
		{B8C9D0E1-F2A3-4567-BCDE-FA8901234567}.Debug|x86.Build.0 = Debug|Any CPU
		{B8C9D0E1-F2A3-4567-BCDE-FA8901234567}.Release|Any CPU.ActiveCfg = Release|Any CPU
		{B8C9D0E1-F2A3-4567-BCDE-FA8901234567}.Release|Any CPU.Build.0 = Release|Any CPU
		{B8C9D0E1-F2A3-4567-BCDE-FA8901234567}.Release|x64.ActiveCfg = Release|Any CPU
		{B8C9D0E1-F2A3-4567-BCDE-FA8901234567}.Release|x64.Build.0 = Release|Any CPU
		{B8C9D0E1-F2A3-4567-BCDE-FA8901234567}.Release|x86.ActiveCfg = Release|Any CPU
		{B8C9D0E1-F2A3-4567-BCDE-FA8901234567}.Release|x86.Build.0 = Release|Any CPU
		{69CABC04-4E1F-4BB0-90E8-DD49C731FDB2}.Debug|Any CPU.ActiveCfg = Debug|Any CPU
		{69CABC04-4E1F-4BB0-90E8-DD49C731FDB2}.Debug|Any CPU.Build.0 = Debug|Any CPU
		{69CABC04-4E1F-4BB0-90E8-DD49C731FDB2}.Debug|x64.ActiveCfg = Debug|Any CPU
		{69CABC04-4E1F-4BB0-90E8-DD49C731FDB2}.Debug|x64.Build.0 = Debug|Any CPU
		{69CABC04-4E1F-4BB0-90E8-DD49C731FDB2}.Debug|x86.ActiveCfg = Debug|Any CPU
		{69CABC04-4E1F-4BB0-90E8-DD49C731FDB2}.Debug|x86.Build.0 = Debug|Any CPU
		{69CABC04-4E1F-4BB0-90E8-DD49C731FDB2}.Release|Any CPU.ActiveCfg = Release|Any CPU
		{69CABC04-4E1F-4BB0-90E8-DD49C731FDB2}.Release|Any CPU.Build.0 = Release|Any CPU
		{69CABC04-4E1F-4BB0-90E8-DD49C731FDB2}.Release|x64.ActiveCfg = Release|Any CPU
		{69CABC04-4E1F-4BB0-90E8-DD49C731FDB2}.Release|x64.Build.0 = Release|Any CPU
		{69CABC04-4E1F-4BB0-90E8-DD49C731FDB2}.Release|x86.ActiveCfg = Release|Any CPU
		{69CABC04-4E1F-4BB0-90E8-DD49C731FDB2}.Release|x86.Build.0 = Release|Any CPU
		{D3328331-8F8E-4CDD-94E7-58834648FF25}.Debug|Any CPU.ActiveCfg = Debug|Any CPU
		{D3328331-8F8E-4CDD-94E7-58834648FF25}.Debug|Any CPU.Build.0 = Debug|Any CPU
		{D3328331-8F8E-4CDD-94E7-58834648FF25}.Debug|x64.ActiveCfg = Debug|Any CPU
		{D3328331-8F8E-4CDD-94E7-58834648FF25}.Debug|x64.Build.0 = Debug|Any CPU
		{D3328331-8F8E-4CDD-94E7-58834648FF25}.Debug|x86.ActiveCfg = Debug|Any CPU
		{D3328331-8F8E-4CDD-94E7-58834648FF25}.Debug|x86.Build.0 = Debug|Any CPU
		{D3328331-8F8E-4CDD-94E7-58834648FF25}.Release|Any CPU.ActiveCfg = Release|Any CPU
		{D3328331-8F8E-4CDD-94E7-58834648FF25}.Release|Any CPU.Build.0 = Release|Any CPU
		{D3328331-8F8E-4CDD-94E7-58834648FF25}.Release|x64.ActiveCfg = Release|Any CPU
		{D3328331-8F8E-4CDD-94E7-58834648FF25}.Release|x64.Build.0 = Release|Any CPU
		{D3328331-8F8E-4CDD-94E7-58834648FF25}.Release|x86.ActiveCfg = Release|Any CPU
		{D3328331-8F8E-4CDD-94E7-58834648FF25}.Release|x86.Build.0 = Release|Any CPU
		{F3C1C333-9BEE-462C-8BDF-1B75ECB1D6BD}.Debug|Any CPU.ActiveCfg = Debug|Any CPU
		{F3C1C333-9BEE-462C-8BDF-1B75ECB1D6BD}.Debug|Any CPU.Build.0 = Debug|Any CPU
		{F3C1C333-9BEE-462C-8BDF-1B75ECB1D6BD}.Debug|x64.ActiveCfg = Debug|Any CPU
		{F3C1C333-9BEE-462C-8BDF-1B75ECB1D6BD}.Debug|x64.Build.0 = Debug|Any CPU
		{F3C1C333-9BEE-462C-8BDF-1B75ECB1D6BD}.Debug|x86.ActiveCfg = Debug|Any CPU
		{F3C1C333-9BEE-462C-8BDF-1B75ECB1D6BD}.Debug|x86.Build.0 = Debug|Any CPU
		{F3C1C333-9BEE-462C-8BDF-1B75ECB1D6BD}.Release|Any CPU.ActiveCfg = Release|Any CPU
		{F3C1C333-9BEE-462C-8BDF-1B75ECB1D6BD}.Release|Any CPU.Build.0 = Release|Any CPU
		{F3C1C333-9BEE-462C-8BDF-1B75ECB1D6BD}.Release|x64.ActiveCfg = Release|Any CPU
		{F3C1C333-9BEE-462C-8BDF-1B75ECB1D6BD}.Release|x64.Build.0 = Release|Any CPU
		{F3C1C333-9BEE-462C-8BDF-1B75ECB1D6BD}.Release|x86.ActiveCfg = Release|Any CPU
		{F3C1C333-9BEE-462C-8BDF-1B75ECB1D6BD}.Release|x86.Build.0 = Release|Any CPU
		{2E951C34-003C-4048-8B55-AF95C3D79C75}.Debug|Any CPU.ActiveCfg = Debug|Any CPU
		{2E951C34-003C-4048-8B55-AF95C3D79C75}.Debug|Any CPU.Build.0 = Debug|Any CPU
		{2E951C34-003C-4048-8B55-AF95C3D79C75}.Debug|x64.ActiveCfg = Debug|Any CPU
		{2E951C34-003C-4048-8B55-AF95C3D79C75}.Debug|x64.Build.0 = Debug|Any CPU
		{2E951C34-003C-4048-8B55-AF95C3D79C75}.Debug|x86.ActiveCfg = Debug|Any CPU
		{2E951C34-003C-4048-8B55-AF95C3D79C75}.Debug|x86.Build.0 = Debug|Any CPU
		{2E951C34-003C-4048-8B55-AF95C3D79C75}.Release|Any CPU.ActiveCfg = Release|Any CPU
		{2E951C34-003C-4048-8B55-AF95C3D79C75}.Release|Any CPU.Build.0 = Release|Any CPU
		{2E951C34-003C-4048-8B55-AF95C3D79C75}.Release|x64.ActiveCfg = Release|Any CPU
		{2E951C34-003C-4048-8B55-AF95C3D79C75}.Release|x64.Build.0 = Release|Any CPU
		{2E951C34-003C-4048-8B55-AF95C3D79C75}.Release|x86.ActiveCfg = Release|Any CPU
		{2E951C34-003C-4048-8B55-AF95C3D79C75}.Release|x86.Build.0 = Release|Any CPU
		{75DBC205-DDAE-4814-85BF-A0D237CAD924}.Debug|Any CPU.ActiveCfg = Debug|Any CPU
		{75DBC205-DDAE-4814-85BF-A0D237CAD924}.Debug|Any CPU.Build.0 = Debug|Any CPU
		{75DBC205-DDAE-4814-85BF-A0D237CAD924}.Debug|x64.ActiveCfg = Debug|Any CPU
		{75DBC205-DDAE-4814-85BF-A0D237CAD924}.Debug|x64.Build.0 = Debug|Any CPU
		{75DBC205-DDAE-4814-85BF-A0D237CAD924}.Debug|x86.ActiveCfg = Debug|Any CPU
		{75DBC205-DDAE-4814-85BF-A0D237CAD924}.Debug|x86.Build.0 = Debug|Any CPU
		{75DBC205-DDAE-4814-85BF-A0D237CAD924}.Release|Any CPU.ActiveCfg = Release|Any CPU
		{75DBC205-DDAE-4814-85BF-A0D237CAD924}.Release|Any CPU.Build.0 = Release|Any CPU
		{75DBC205-DDAE-4814-85BF-A0D237CAD924}.Release|x64.ActiveCfg = Release|Any CPU
		{75DBC205-DDAE-4814-85BF-A0D237CAD924}.Release|x64.Build.0 = Release|Any CPU
		{75DBC205-DDAE-4814-85BF-A0D237CAD924}.Release|x86.ActiveCfg = Release|Any CPU
		{75DBC205-DDAE-4814-85BF-A0D237CAD924}.Release|x86.Build.0 = Release|Any CPU
		{6EF2B322-AFE8-4924-9501-D29ED96E680A}.Debug|Any CPU.ActiveCfg = Debug|Any CPU
		{6EF2B322-AFE8-4924-9501-D29ED96E680A}.Debug|Any CPU.Build.0 = Debug|Any CPU
		{6EF2B322-AFE8-4924-9501-D29ED96E680A}.Debug|x64.ActiveCfg = Debug|Any CPU
		{6EF2B322-AFE8-4924-9501-D29ED96E680A}.Debug|x64.Build.0 = Debug|Any CPU
		{6EF2B322-AFE8-4924-9501-D29ED96E680A}.Debug|x86.ActiveCfg = Debug|Any CPU
		{6EF2B322-AFE8-4924-9501-D29ED96E680A}.Debug|x86.Build.0 = Debug|Any CPU
		{6EF2B322-AFE8-4924-9501-D29ED96E680A}.Release|Any CPU.ActiveCfg = Release|Any CPU
		{6EF2B322-AFE8-4924-9501-D29ED96E680A}.Release|Any CPU.Build.0 = Release|Any CPU
		{6EF2B322-AFE8-4924-9501-D29ED96E680A}.Release|x64.ActiveCfg = Release|Any CPU
		{6EF2B322-AFE8-4924-9501-D29ED96E680A}.Release|x64.Build.0 = Release|Any CPU
		{6EF2B322-AFE8-4924-9501-D29ED96E680A}.Release|x86.ActiveCfg = Release|Any CPU
		{6EF2B322-AFE8-4924-9501-D29ED96E680A}.Release|x86.Build.0 = Release|Any CPU
		{D2A538C4-E9C1-4A28-B1B0-898F08231F0A}.Debug|Any CPU.ActiveCfg = Debug|Any CPU
		{D2A538C4-E9C1-4A28-B1B0-898F08231F0A}.Debug|Any CPU.Build.0 = Debug|Any CPU
		{D2A538C4-E9C1-4A28-B1B0-898F08231F0A}.Debug|x64.ActiveCfg = Debug|Any CPU
		{D2A538C4-E9C1-4A28-B1B0-898F08231F0A}.Debug|x64.Build.0 = Debug|Any CPU
		{D2A538C4-E9C1-4A28-B1B0-898F08231F0A}.Debug|x86.ActiveCfg = Debug|Any CPU
		{D2A538C4-E9C1-4A28-B1B0-898F08231F0A}.Debug|x86.Build.0 = Debug|Any CPU
		{D2A538C4-E9C1-4A28-B1B0-898F08231F0A}.Release|Any CPU.ActiveCfg = Release|Any CPU
		{D2A538C4-E9C1-4A28-B1B0-898F08231F0A}.Release|Any CPU.Build.0 = Release|Any CPU
		{D2A538C4-E9C1-4A28-B1B0-898F08231F0A}.Release|x64.ActiveCfg = Release|Any CPU
		{D2A538C4-E9C1-4A28-B1B0-898F08231F0A}.Release|x64.Build.0 = Release|Any CPU
		{D2A538C4-E9C1-4A28-B1B0-898F08231F0A}.Release|x86.ActiveCfg = Release|Any CPU
		{D2A538C4-E9C1-4A28-B1B0-898F08231F0A}.Release|x86.Build.0 = Release|Any CPU
		{357B9C77-906E-48CD-ADB6-C4E20C546185}.Debug|Any CPU.ActiveCfg = Debug|Any CPU
		{357B9C77-906E-48CD-ADB6-C4E20C546185}.Debug|x64.ActiveCfg = Debug|Any CPU
		{357B9C77-906E-48CD-ADB6-C4E20C546185}.Debug|x86.ActiveCfg = Debug|Any CPU
		{357B9C77-906E-48CD-ADB6-C4E20C546185}.Release|Any CPU.ActiveCfg = Release|Any CPU
		{357B9C77-906E-48CD-ADB6-C4E20C546185}.Release|x64.ActiveCfg = Release|Any CPU
		{357B9C77-906E-48CD-ADB6-C4E20C546185}.Release|x86.ActiveCfg = Release|Any CPU
	EndGlobalSection
	GlobalSection(SolutionProperties) = preSolution
		HideSolutionNode = FALSE
	EndGlobalSection
	GlobalSection(NestedProjects) = preSolution
		{A1B2C3D4-E5F6-7890-ABCD-EF1234567890} = {8A7C6F1D-0E48-4A88-8F35-6E4B3F8D9C2A}
		{B2C3D4E5-F6A7-8901-BCDE-FA2345678901} = {8A7C6F1D-0E48-4A88-8F35-6E4B3F8D9C2A}
		{C3D4E5F6-A7B8-9012-CDEF-AB3456789012} = {8A7C6F1D-0E48-4A88-8F35-6E4B3F8D9C2A}
		{D4E5F6A7-B8C9-0123-DEFA-BC4567890123} = {8A7C6F1D-0E48-4A88-8F35-6E4B3F8D9C2A}
		{E5F6A7B8-C9D0-1234-EFAB-CD5678901234} = {8A7C6F1D-0E48-4A88-8F35-6E4B3F8D9C2A}
		{69CABC04-4E1F-4BB0-90E8-DD49C731FDB2} = {0AB3BF05-4346-4AA6-1389-037BE0695223}
		{D3328331-8F8E-4CDD-94E7-58834648FF25} = {8A7C6F1D-0E48-4A88-8F35-6E4B3F8D9C2A}
		{F3C1C333-9BEE-462C-8BDF-1B75ECB1D6BD} = {8A7C6F1D-0E48-4A88-8F35-6E4B3F8D9C2A}
		{FD1278FD-8489-5C55-61E6-9D9DB2F133E4} = {8A7C6F1D-0E48-4A88-8F35-6E4B3F8D9C2A}
		{2E951C34-003C-4048-8B55-AF95C3D79C75} = {FD1278FD-8489-5C55-61E6-9D9DB2F133E4}
		{97D3C13E-960C-0209-869F-28710DBEF6C6} = {8A7C6F1D-0E48-4A88-8F35-6E4B3F8D9C2A}
		{6CC69632-0B62-301D-8162-A566995075A7} = {97D3C13E-960C-0209-869F-28710DBEF6C6}
		{D63C04B5-4DBD-4A04-C0D7-9EA549F2F5C2} = {6CC69632-0B62-301D-8162-A566995075A7}
		{6379B119-B1D2-C714-3BE7-61412ACB72A8} = {D63C04B5-4DBD-4A04-C0D7-9EA549F2F5C2}
		{75DBC205-DDAE-4814-85BF-A0D237CAD924} = {6379B119-B1D2-C714-3BE7-61412ACB72A8}
		{6EF2B322-AFE8-4924-9501-D29ED96E680A} = {6379B119-B1D2-C714-3BE7-61412ACB72A8}
		{49E9AD68-530C-E132-DF46-7AB5345E651A} = {D63C04B5-4DBD-4A04-C0D7-9EA549F2F5C2}
		{D2A538C4-E9C1-4A28-B1B0-898F08231F0A} = {49E9AD68-530C-E132-DF46-7AB5345E651A}
		{E209BDC1-E3B1-2EED-97DD-D6090D706436} = {97D3C13E-960C-0209-869F-28710DBEF6C6}
		{357B9C77-906E-48CD-ADB6-C4E20C546185} = {E209BDC1-E3B1-2EED-97DD-D6090D706436}
	EndGlobalSection
EndGlobal
